
Microsoft Visual Studio Solution File, Format Version 12.00
# Visual Studio Version 16
VisualStudioVersion = 16.0.31321.278
MinimumVisualStudioVersion = 10.0.40219.1
Project("{FAE04EC0-301F-11D3-BF4B-00C04F79EFBC}") = "SeleniumCsharp", "SeleniumCsharp.csproj", "{0DA7CAFD-93E5-4927-9542-6B4B53BD8B85}"
EndProject
Global
	GlobalSection(SolutionConfigurationPlatforms) = preSolution
		Debug|Any CPU = Debug|Any CPU
		Release|Any CPU = Release|Any CPU
	EndGlobalSection
	GlobalSection(ProjectConfigurationPlatforms) = postSolution
		{0DA7CAFD-93E5-4927-9542-6B4B53BD8B85}.Debug|Any CPU.ActiveCfg = Debug|Any CPU
		{0DA7CAFD-93E5-4927-9542-6B4B53BD8B85}.Debug|Any CPU.Build.0 = Debug|Any CPU
		{0DA7CAFD-93E5-4927-9542-6B4B53BD8B85}.Release|Any CPU.ActiveCfg = Release|Any CPU
		{0DA7CAFD-93E5-4927-9542-6B4B53BD8B85}.Release|Any CPU.Build.0 = Release|Any CPU
	EndGlobalSection
	GlobalSection(SolutionProperties) = preSolution
		HideSolutionNode = FALSE
	EndGlobalSection
	GlobalSection(ExtensibilityGlobals) = postSolution
		SolutionGuid = {4905A4A3-28B0-4CD8-B012-77B7421C379C}
	EndGlobalSection
EndGlobal
